// !$*UTF8*$!
{
	archiveVersion = 1;
	classes = {
	};
	objectVersion = 51;
	objects = {

/* Begin PBXBuildFile section */
		0E333B2B24374D31005D5453 /* CardRepository.swift in Sources */ = {isa = PBXBuildFile; fileRef = 0E333B2A24374D31005D5453 /* CardRepository.swift */; };
		0E333B2D24374D92005D5453 /* Card.swift in Sources */ = {isa = PBXBuildFile; fileRef = 0E333B2C24374D92005D5453 /* Card.swift */; };
		0E333B2F24374DDC005D5453 /* GetCardsUseCase.swift in Sources */ = {isa = PBXBuildFile; fileRef = 0E333B2E24374DDC005D5453 /* GetCardsUseCase.swift */; };
		0E333B3324374EBE005D5453 /* CardRepositoryImplementation.swift in Sources */ = {isa = PBXBuildFile; fileRef = 0E333B3224374EBE005D5453 /* CardRepositoryImplementation.swift */; };
		0E333B3624374F19005D5453 /* AlamofireWrapper.swift in Sources */ = {isa = PBXBuildFile; fileRef = 0E333B3524374F19005D5453 /* AlamofireWrapper.swift */; };
		0E9D93ED243751A600398B39 /* CardDataSource.swift in Sources */ = {isa = PBXBuildFile; fileRef = 0E9D93EC243751A600398B39 /* CardDataSource.swift */; };
		0E9D93F1243751F600398B39 /* CardDTO.swift in Sources */ = {isa = PBXBuildFile; fileRef = 0E9D93F0243751F600398B39 /* CardDTO.swift */; };
		0E9D93F4243755C300398B39 /* CardMapper.swift in Sources */ = {isa = PBXBuildFile; fileRef = 0E9D93F3243755C300398B39 /* CardMapper.swift */; };
		0E9D93F8243767F400398B39 /* CardCollectionViewCell.swift in Sources */ = {isa = PBXBuildFile; fileRef = 0E9D93F7243767F400398B39 /* CardCollectionViewCell.swift */; };
		0E9D93FA2437684000398B39 /* CardCollectionViewCell.xib in Resources */ = {isa = PBXBuildFile; fileRef = 0E9D93F92437684000398B39 /* CardCollectionViewCell.xib */; };
		0EA55711243138A9004A0BF2 /* BoardRouter.swift in Sources */ = {isa = PBXBuildFile; fileRef = 0EA55710243138A9004A0BF2 /* BoardRouter.swift */; };
		0EA557132431396F004A0BF2 /* BoardConfigurator.swift in Sources */ = {isa = PBXBuildFile; fileRef = 0EA557122431396F004A0BF2 /* BoardConfigurator.swift */; };
		0EC13C562430C3D600BB3F90 /* AppDelegate.swift in Sources */ = {isa = PBXBuildFile; fileRef = 0EC13C552430C3D600BB3F90 /* AppDelegate.swift */; };
		0EC13C582430C3D600BB3F90 /* SceneDelegate.swift in Sources */ = {isa = PBXBuildFile; fileRef = 0EC13C572430C3D600BB3F90 /* SceneDelegate.swift */; };
		0EC13C5D2430C3D600BB3F90 /* Main.storyboard in Resources */ = {isa = PBXBuildFile; fileRef = 0EC13C5B2430C3D600BB3F90 /* Main.storyboard */; };
		0EC13C5F2430C3D800BB3F90 /* Assets.xcassets in Resources */ = {isa = PBXBuildFile; fileRef = 0EC13C5E2430C3D800BB3F90 /* Assets.xcassets */; };
		0EC13C622430C3D800BB3F90 /* LaunchScreen.storyboard in Resources */ = {isa = PBXBuildFile; fileRef = 0EC13C602430C3D800BB3F90 /* LaunchScreen.storyboard */; };
		0EC13C6D2430C3D900BB3F90 /* MatchGameTests.swift in Sources */ = {isa = PBXBuildFile; fileRef = 0EC13C6C2430C3D900BB3F90 /* MatchGameTests.swift */; };
		0EC13C782430C3D900BB3F90 /* MatchGameUITests.swift in Sources */ = {isa = PBXBuildFile; fileRef = 0EC13C772430C3D900BB3F90 /* MatchGameUITests.swift */; };
		0EC13C892430C85000BB3F90 /* LoginViewController.swift in Sources */ = {isa = PBXBuildFile; fileRef = 0EC13C882430C85000BB3F90 /* LoginViewController.swift */; };
		0EC13C8B2430C89100BB3F90 /* LoginView.xib in Resources */ = {isa = PBXBuildFile; fileRef = 0EC13C8A2430C89100BB3F90 /* LoginView.xib */; };
		0ECCB763243118DF00404DDC /* LoginPresenter.swift in Sources */ = {isa = PBXBuildFile; fileRef = 0ECCB762243118DF00404DDC /* LoginPresenter.swift */; };
		0ECCB76524311A3100404DDC /* LoginRouter.swift in Sources */ = {isa = PBXBuildFile; fileRef = 0ECCB76424311A3100404DDC /* LoginRouter.swift */; };
		0ECCB76724311AFB00404DDC /* LoginConfigurator.swift in Sources */ = {isa = PBXBuildFile; fileRef = 0ECCB76624311AFB00404DDC /* LoginConfigurator.swift */; };
		0ECCB76A24311C3600404DDC /* BoardViewController.swift in Sources */ = {isa = PBXBuildFile; fileRef = 0ECCB76924311C3600404DDC /* BoardViewController.swift */; };
		0ECCB76C24311C4000404DDC /* BoardView.xib in Resources */ = {isa = PBXBuildFile; fileRef = 0ECCB76B24311C4000404DDC /* BoardView.xib */; };
		0ECCB76E24311D6D00404DDC /* BoardPresenter.swift in Sources */ = {isa = PBXBuildFile; fileRef = 0ECCB76D24311D6D00404DDC /* BoardPresenter.swift */; };
		0EEF877C2439F16800308C47 /* CheckMatchUseCase.swift in Sources */ = {isa = PBXBuildFile; fileRef = 0EEF877B2439F16800308C47 /* CheckMatchUseCase.swift */; };
		10774061C25C927E7920DC52 /* Pods_MatchGame_MatchGameUITests.framework in Frameworks */ = {isa = PBXBuildFile; fileRef = FE35832304DC28BFB4DDDC44 /* Pods_MatchGame_MatchGameUITests.framework */; };
		2C6A94DB32B17815C681DBED /* Pods_MatchGameTests.framework in Frameworks */ = {isa = PBXBuildFile; fileRef = 413FA10EB6D287F2F3864C7F /* Pods_MatchGameTests.framework */; };
		6B42CACC98D767A4D07C6F2D /* Pods_MatchGame.framework in Frameworks */ = {isa = PBXBuildFile; fileRef = 8CD20DCAB06DC1083DB4EB35 /* Pods_MatchGame.framework */; };
/* End PBXBuildFile section */

/* Begin PBXContainerItemProxy section */
		0EC13C692430C3D900BB3F90 /* PBXContainerItemProxy */ = {
			isa = PBXContainerItemProxy;
			containerPortal = 0EC13C4A2430C3D600BB3F90 /* Project object */;
			proxyType = 1;
			remoteGlobalIDString = 0EC13C512430C3D600BB3F90;
			remoteInfo = MatchGame;
		};
		0EC13C742430C3D900BB3F90 /* PBXContainerItemProxy */ = {
			isa = PBXContainerItemProxy;
			containerPortal = 0EC13C4A2430C3D600BB3F90 /* Project object */;
			proxyType = 1;
			remoteGlobalIDString = 0EC13C512430C3D600BB3F90;
			remoteInfo = MatchGame;
		};
/* End PBXContainerItemProxy section */

/* Begin PBXFileReference section */
		00DEEFC61DD798EDFCBDB920 /* Pods-MatchGame.debug.xcconfig */ = {isa = PBXFileReference; includeInIndex = 1; lastKnownFileType = text.xcconfig; name = "Pods-MatchGame.debug.xcconfig"; path = "Target Support Files/Pods-MatchGame/Pods-MatchGame.debug.xcconfig"; sourceTree = "<group>"; };
		01639D874FB0664A9E9A6540 /* Pods-MatchGame-MatchGameUITests.release.xcconfig */ = {isa = PBXFileReference; includeInIndex = 1; lastKnownFileType = text.xcconfig; name = "Pods-MatchGame-MatchGameUITests.release.xcconfig"; path = "Target Support Files/Pods-MatchGame-MatchGameUITests/Pods-MatchGame-MatchGameUITests.release.xcconfig"; sourceTree = "<group>"; };
		0E333B2A24374D31005D5453 /* CardRepository.swift */ = {isa = PBXFileReference; lastKnownFileType = sourcecode.swift; path = CardRepository.swift; sourceTree = "<group>"; };
		0E333B2C24374D92005D5453 /* Card.swift */ = {isa = PBXFileReference; lastKnownFileType = sourcecode.swift; path = Card.swift; sourceTree = "<group>"; };
		0E333B2E24374DDC005D5453 /* GetCardsUseCase.swift */ = {isa = PBXFileReference; lastKnownFileType = sourcecode.swift; path = GetCardsUseCase.swift; sourceTree = "<group>"; };
		0E333B3224374EBE005D5453 /* CardRepositoryImplementation.swift */ = {isa = PBXFileReference; lastKnownFileType = sourcecode.swift; path = CardRepositoryImplementation.swift; sourceTree = "<group>"; };
		0E333B3524374F19005D5453 /* AlamofireWrapper.swift */ = {isa = PBXFileReference; lastKnownFileType = sourcecode.swift; path = AlamofireWrapper.swift; sourceTree = "<group>"; };
		0E9D93EC243751A600398B39 /* CardDataSource.swift */ = {isa = PBXFileReference; lastKnownFileType = sourcecode.swift; path = CardDataSource.swift; sourceTree = "<group>"; };
		0E9D93F0243751F600398B39 /* CardDTO.swift */ = {isa = PBXFileReference; lastKnownFileType = sourcecode.swift; path = CardDTO.swift; sourceTree = "<group>"; };
		0E9D93F3243755C300398B39 /* CardMapper.swift */ = {isa = PBXFileReference; lastKnownFileType = sourcecode.swift; path = CardMapper.swift; sourceTree = "<group>"; };
		0E9D93F7243767F400398B39 /* CardCollectionViewCell.swift */ = {isa = PBXFileReference; lastKnownFileType = sourcecode.swift; path = CardCollectionViewCell.swift; sourceTree = "<group>"; };
		0E9D93F92437684000398B39 /* CardCollectionViewCell.xib */ = {isa = PBXFileReference; lastKnownFileType = file.xib; path = CardCollectionViewCell.xib; sourceTree = "<group>"; };
		0EA55710243138A9004A0BF2 /* BoardRouter.swift */ = {isa = PBXFileReference; lastKnownFileType = sourcecode.swift; path = BoardRouter.swift; sourceTree = "<group>"; };
		0EA557122431396F004A0BF2 /* BoardConfigurator.swift */ = {isa = PBXFileReference; lastKnownFileType = sourcecode.swift; path = BoardConfigurator.swift; sourceTree = "<group>"; };
		0EC13C522430C3D600BB3F90 /* MatchGame.app */ = {isa = PBXFileReference; explicitFileType = wrapper.application; includeInIndex = 0; path = MatchGame.app; sourceTree = BUILT_PRODUCTS_DIR; };
		0EC13C552430C3D600BB3F90 /* AppDelegate.swift */ = {isa = PBXFileReference; lastKnownFileType = sourcecode.swift; path = AppDelegate.swift; sourceTree = "<group>"; };
		0EC13C572430C3D600BB3F90 /* SceneDelegate.swift */ = {isa = PBXFileReference; lastKnownFileType = sourcecode.swift; path = SceneDelegate.swift; sourceTree = "<group>"; };
		0EC13C5C2430C3D600BB3F90 /* Base */ = {isa = PBXFileReference; lastKnownFileType = file.storyboard; name = Base; path = Base.lproj/Main.storyboard; sourceTree = "<group>"; };
		0EC13C5E2430C3D800BB3F90 /* Assets.xcassets */ = {isa = PBXFileReference; lastKnownFileType = folder.assetcatalog; path = Assets.xcassets; sourceTree = "<group>"; };
		0EC13C612430C3D800BB3F90 /* Base */ = {isa = PBXFileReference; lastKnownFileType = file.storyboard; name = Base; path = Base.lproj/LaunchScreen.storyboard; sourceTree = "<group>"; };
		0EC13C632430C3D800BB3F90 /* Info.plist */ = {isa = PBXFileReference; lastKnownFileType = text.plist.xml; path = Info.plist; sourceTree = "<group>"; };
		0EC13C682430C3D900BB3F90 /* MatchGameTests.xctest */ = {isa = PBXFileReference; explicitFileType = wrapper.cfbundle; includeInIndex = 0; path = MatchGameTests.xctest; sourceTree = BUILT_PRODUCTS_DIR; };
		0EC13C6C2430C3D900BB3F90 /* MatchGameTests.swift */ = {isa = PBXFileReference; lastKnownFileType = sourcecode.swift; path = MatchGameTests.swift; sourceTree = "<group>"; };
		0EC13C6E2430C3D900BB3F90 /* Info.plist */ = {isa = PBXFileReference; lastKnownFileType = text.plist.xml; path = Info.plist; sourceTree = "<group>"; };
		0EC13C732430C3D900BB3F90 /* MatchGameUITests.xctest */ = {isa = PBXFileReference; explicitFileType = wrapper.cfbundle; includeInIndex = 0; path = MatchGameUITests.xctest; sourceTree = BUILT_PRODUCTS_DIR; };
		0EC13C772430C3D900BB3F90 /* MatchGameUITests.swift */ = {isa = PBXFileReference; lastKnownFileType = sourcecode.swift; path = MatchGameUITests.swift; sourceTree = "<group>"; };
		0EC13C792430C3D900BB3F90 /* Info.plist */ = {isa = PBXFileReference; lastKnownFileType = text.plist.xml; path = Info.plist; sourceTree = "<group>"; };
		0EC13C882430C85000BB3F90 /* LoginViewController.swift */ = {isa = PBXFileReference; lastKnownFileType = sourcecode.swift; path = LoginViewController.swift; sourceTree = "<group>"; };
		0EC13C8A2430C89100BB3F90 /* LoginView.xib */ = {isa = PBXFileReference; lastKnownFileType = file.xib; path = LoginView.xib; sourceTree = "<group>"; };
		0ECCB762243118DF00404DDC /* LoginPresenter.swift */ = {isa = PBXFileReference; lastKnownFileType = sourcecode.swift; path = LoginPresenter.swift; sourceTree = "<group>"; };
		0ECCB76424311A3100404DDC /* LoginRouter.swift */ = {isa = PBXFileReference; lastKnownFileType = sourcecode.swift; path = LoginRouter.swift; sourceTree = "<group>"; };
		0ECCB76624311AFB00404DDC /* LoginConfigurator.swift */ = {isa = PBXFileReference; lastKnownFileType = sourcecode.swift; path = LoginConfigurator.swift; sourceTree = "<group>"; };
		0ECCB76924311C3600404DDC /* BoardViewController.swift */ = {isa = PBXFileReference; lastKnownFileType = sourcecode.swift; path = BoardViewController.swift; sourceTree = "<group>"; };
		0ECCB76B24311C4000404DDC /* BoardView.xib */ = {isa = PBXFileReference; lastKnownFileType = file.xib; path = BoardView.xib; sourceTree = "<group>"; };
		0ECCB76D24311D6D00404DDC /* BoardPresenter.swift */ = {isa = PBXFileReference; lastKnownFileType = sourcecode.swift; path = BoardPresenter.swift; sourceTree = "<group>"; };
		0EEF877B2439F16800308C47 /* CheckMatchUseCase.swift */ = {isa = PBXFileReference; lastKnownFileType = sourcecode.swift; path = CheckMatchUseCase.swift; sourceTree = "<group>"; };
		413FA10EB6D287F2F3864C7F /* Pods_MatchGameTests.framework */ = {isa = PBXFileReference; explicitFileType = wrapper.framework; includeInIndex = 0; path = Pods_MatchGameTests.framework; sourceTree = BUILT_PRODUCTS_DIR; };
		5C0257896C2FDB3AF5ABCF03 /* Pods-MatchGame-MatchGameUITests.debug.xcconfig */ = {isa = PBXFileReference; includeInIndex = 1; lastKnownFileType = text.xcconfig; name = "Pods-MatchGame-MatchGameUITests.debug.xcconfig"; path = "Target Support Files/Pods-MatchGame-MatchGameUITests/Pods-MatchGame-MatchGameUITests.debug.xcconfig"; sourceTree = "<group>"; };
		8CD20DCAB06DC1083DB4EB35 /* Pods_MatchGame.framework */ = {isa = PBXFileReference; explicitFileType = wrapper.framework; includeInIndex = 0; path = Pods_MatchGame.framework; sourceTree = BUILT_PRODUCTS_DIR; };
		A33D3FEE5D7604A3A15D0BAA /* Pods-MatchGameTests.release.xcconfig */ = {isa = PBXFileReference; includeInIndex = 1; lastKnownFileType = text.xcconfig; name = "Pods-MatchGameTests.release.xcconfig"; path = "Target Support Files/Pods-MatchGameTests/Pods-MatchGameTests.release.xcconfig"; sourceTree = "<group>"; };
		B115288292637805CC99431E /* Pods-MatchGame.release.xcconfig */ = {isa = PBXFileReference; includeInIndex = 1; lastKnownFileType = text.xcconfig; name = "Pods-MatchGame.release.xcconfig"; path = "Target Support Files/Pods-MatchGame/Pods-MatchGame.release.xcconfig"; sourceTree = "<group>"; };
		B4301C8E2C04F22D1F79F46A /* Pods-MatchGameTests.debug.xcconfig */ = {isa = PBXFileReference; includeInIndex = 1; lastKnownFileType = text.xcconfig; name = "Pods-MatchGameTests.debug.xcconfig"; path = "Target Support Files/Pods-MatchGameTests/Pods-MatchGameTests.debug.xcconfig"; sourceTree = "<group>"; };
		FE35832304DC28BFB4DDDC44 /* Pods_MatchGame_MatchGameUITests.framework */ = {isa = PBXFileReference; explicitFileType = wrapper.framework; includeInIndex = 0; path = Pods_MatchGame_MatchGameUITests.framework; sourceTree = BUILT_PRODUCTS_DIR; };
/* End PBXFileReference section */

/* Begin PBXFrameworksBuildPhase section */
		0EC13C4F2430C3D600BB3F90 /* Frameworks */ = {
			isa = PBXFrameworksBuildPhase;
			buildActionMask = 2147483647;
			files = (
				6B42CACC98D767A4D07C6F2D /* Pods_MatchGame.framework in Frameworks */,
			);
			runOnlyForDeploymentPostprocessing = 0;
		};
		0EC13C652430C3D900BB3F90 /* Frameworks */ = {
			isa = PBXFrameworksBuildPhase;
			buildActionMask = 2147483647;
			files = (
				2C6A94DB32B17815C681DBED /* Pods_MatchGameTests.framework in Frameworks */,
			);
			runOnlyForDeploymentPostprocessing = 0;
		};
		0EC13C702430C3D900BB3F90 /* Frameworks */ = {
			isa = PBXFrameworksBuildPhase;
			buildActionMask = 2147483647;
			files = (
				10774061C25C927E7920DC52 /* Pods_MatchGame_MatchGameUITests.framework in Frameworks */,
			);
			runOnlyForDeploymentPostprocessing = 0;
		};
/* End PBXFrameworksBuildPhase section */

/* Begin PBXGroup section */
		0E333B2724374CE3005D5453 /* Domain */ = {
			isa = PBXGroup;
			children = (
				0E333B2924374D0D005D5453 /* usecases */,
				0E333B2824374D02005D5453 /* BOs */,
				0E333B2A24374D31005D5453 /* CardRepository.swift */,
			);
			path = Domain;
			sourceTree = "<group>";
		};
		0E333B2824374D02005D5453 /* BOs */ = {
			isa = PBXGroup;
			children = (
				0E333B2C24374D92005D5453 /* Card.swift */,
			);
			path = BOs;
			sourceTree = "<group>";
		};
		0E333B2924374D0D005D5453 /* usecases */ = {
			isa = PBXGroup;
			children = (
				0E333B2E24374DDC005D5453 /* GetCardsUseCase.swift */,
				0EEF877B2439F16800308C47 /* CheckMatchUseCase.swift */,
			);
			path = usecases;
			sourceTree = "<group>";
		};
		0E333B3024374E9B005D5453 /* Data */ = {
			isa = PBXGroup;
			children = (
				0E9D93EF243751E500398B39 /* DTOs */,
				0E9D93EE243751DC00398B39 /* Mappers */,
				0E333B3424374EF2005D5453 /* DataSources */,
				0E333B3124374EA7005D5453 /* Repositories */,
			);
			path = Data;
			sourceTree = "<group>";
		};
		0E333B3124374EA7005D5453 /* Repositories */ = {
			isa = PBXGroup;
			children = (
				0E333B3224374EBE005D5453 /* CardRepositoryImplementation.swift */,
			);
			path = Repositories;
			sourceTree = "<group>";
		};
		0E333B3424374EF2005D5453 /* DataSources */ = {
			isa = PBXGroup;
			children = (
				0E333B3524374F19005D5453 /* AlamofireWrapper.swift */,
				0E9D93EC243751A600398B39 /* CardDataSource.swift */,
			);
			path = DataSources;
			sourceTree = "<group>";
		};
		0E9D93EE243751DC00398B39 /* Mappers */ = {
			isa = PBXGroup;
			children = (
				0E9D93F3243755C300398B39 /* CardMapper.swift */,
			);
			path = Mappers;
			sourceTree = "<group>";
		};
		0E9D93EF243751E500398B39 /* DTOs */ = {
			isa = PBXGroup;
			children = (
				0E9D93F0243751F600398B39 /* CardDTO.swift */,
			);
			path = DTOs;
			sourceTree = "<group>";
		};
		0EA55714243143D3004A0BF2 /* Card */ = {
			isa = PBXGroup;
			children = (
				0E9D93F7243767F400398B39 /* CardCollectionViewCell.swift */,
				0E9D93F92437684000398B39 /* CardCollectionViewCell.xib */,
			);
			path = Card;
			sourceTree = "<group>";
		};
		0EC13C492430C3D600BB3F90 = {
			isa = PBXGroup;
			children = (
				0EC13C542430C3D600BB3F90 /* MatchGame */,
				0EC13C6B2430C3D900BB3F90 /* MatchGameTests */,
				0EC13C762430C3D900BB3F90 /* MatchGameUITests */,
				0EC13C532430C3D600BB3F90 /* Products */,
				AE2FBA1F7561BE7ADC41034D /* Pods */,
				8DD7D07C9AEE397AE9A89D69 /* Frameworks */,
			);
			sourceTree = "<group>";
		};
		0EC13C532430C3D600BB3F90 /* Products */ = {
			isa = PBXGroup;
			children = (
				0EC13C522430C3D600BB3F90 /* MatchGame.app */,
				0EC13C682430C3D900BB3F90 /* MatchGameTests.xctest */,
				0EC13C732430C3D900BB3F90 /* MatchGameUITests.xctest */,
			);
			name = Products;
			sourceTree = "<group>";
		};
		0EC13C542430C3D600BB3F90 /* MatchGame */ = {
			isa = PBXGroup;
			children = (
				0EC13C632430C3D800BB3F90 /* Info.plist */,
				0E333B3024374E9B005D5453 /* Data */,
				0E333B2724374CE3005D5453 /* Domain */,
				0EC13C852430C80900BB3F90 /* Presentation */,
			);
			path = MatchGame;
			sourceTree = "<group>";
		};
		0EC13C6B2430C3D900BB3F90 /* MatchGameTests */ = {
			isa = PBXGroup;
			children = (
				0EC13C6C2430C3D900BB3F90 /* MatchGameTests.swift */,
				0EC13C6E2430C3D900BB3F90 /* Info.plist */,
			);
			path = MatchGameTests;
			sourceTree = "<group>";
		};
		0EC13C762430C3D900BB3F90 /* MatchGameUITests */ = {
			isa = PBXGroup;
			children = (
				0EC13C772430C3D900BB3F90 /* MatchGameUITests.swift */,
				0EC13C792430C3D900BB3F90 /* Info.plist */,
			);
			path = MatchGameUITests;
			sourceTree = "<group>";
		};
		0EC13C852430C80900BB3F90 /* Presentation */ = {
			isa = PBXGroup;
			children = (
				0EC13C862430C81B00BB3F90 /* Features */,
				0EC13C8D2430CAF900BB3F90 /* Resources */,
				0EC13C8C2430CAA700BB3F90 /* SupportingFiles */,
			);
			path = Presentation;
			sourceTree = "<group>";
		};
		0EC13C862430C81B00BB3F90 /* Features */ = {
			isa = PBXGroup;
			children = (
				0ECCB76824311C1000404DDC /* Board */,
				0EC13C872430C83200BB3F90 /* Login */,
			);
			path = Features;
			sourceTree = "<group>";
		};
		0EC13C872430C83200BB3F90 /* Login */ = {
			isa = PBXGroup;
			children = (
				0EC13C882430C85000BB3F90 /* LoginViewController.swift */,
				0EC13C8A2430C89100BB3F90 /* LoginView.xib */,
				0ECCB762243118DF00404DDC /* LoginPresenter.swift */,
				0ECCB76424311A3100404DDC /* LoginRouter.swift */,
				0ECCB76624311AFB00404DDC /* LoginConfigurator.swift */,
			);
			path = Login;
			sourceTree = "<group>";
		};
		0EC13C8C2430CAA700BB3F90 /* SupportingFiles */ = {
			isa = PBXGroup;
			children = (
				0EC13C552430C3D600BB3F90 /* AppDelegate.swift */,
				0EC13C572430C3D600BB3F90 /* SceneDelegate.swift */,
				0EC13C5B2430C3D600BB3F90 /* Main.storyboard */,
				0EC13C602430C3D800BB3F90 /* LaunchScreen.storyboard */,
			);
			path = SupportingFiles;
			sourceTree = "<group>";
		};
		0EC13C8D2430CAF900BB3F90 /* Resources */ = {
			isa = PBXGroup;
			children = (
				0EC13C5E2430C3D800BB3F90 /* Assets.xcassets */,
			);
			path = Resources;
			sourceTree = "<group>";
		};
		0ECCB76824311C1000404DDC /* Board */ = {
			isa = PBXGroup;
			children = (
				0EA55714243143D3004A0BF2 /* Card */,
				0ECCB76924311C3600404DDC /* BoardViewController.swift */,
				0ECCB76B24311C4000404DDC /* BoardView.xib */,
				0ECCB76D24311D6D00404DDC /* BoardPresenter.swift */,
				0EA55710243138A9004A0BF2 /* BoardRouter.swift */,
				0EA557122431396F004A0BF2 /* BoardConfigurator.swift */,
			);
			path = Board;
			sourceTree = "<group>";
		};
		8DD7D07C9AEE397AE9A89D69 /* Frameworks */ = {
			isa = PBXGroup;
			children = (
				8CD20DCAB06DC1083DB4EB35 /* Pods_MatchGame.framework */,
				FE35832304DC28BFB4DDDC44 /* Pods_MatchGame_MatchGameUITests.framework */,
				413FA10EB6D287F2F3864C7F /* Pods_MatchGameTests.framework */,
			);
			name = Frameworks;
			sourceTree = "<group>";
		};
		AE2FBA1F7561BE7ADC41034D /* Pods */ = {
			isa = PBXGroup;
			children = (
				00DEEFC61DD798EDFCBDB920 /* Pods-MatchGame.debug.xcconfig */,
				B115288292637805CC99431E /* Pods-MatchGame.release.xcconfig */,
				5C0257896C2FDB3AF5ABCF03 /* Pods-MatchGame-MatchGameUITests.debug.xcconfig */,
				01639D874FB0664A9E9A6540 /* Pods-MatchGame-MatchGameUITests.release.xcconfig */,
				B4301C8E2C04F22D1F79F46A /* Pods-MatchGameTests.debug.xcconfig */,
				A33D3FEE5D7604A3A15D0BAA /* Pods-MatchGameTests.release.xcconfig */,
			);
			path = Pods;
			sourceTree = "<group>";
		};
/* End PBXGroup section */

/* Begin PBXNativeTarget section */
		0EC13C512430C3D600BB3F90 /* MatchGame */ = {
			isa = PBXNativeTarget;
			buildConfigurationList = 0EC13C7C2430C3D900BB3F90 /* Build configuration list for PBXNativeTarget "MatchGame" */;
			buildPhases = (
				EEF7433D5B66D114A3493A30 /* [CP] Check Pods Manifest.lock */,
				0EC13C4E2430C3D600BB3F90 /* Sources */,
				0EC13C4F2430C3D600BB3F90 /* Frameworks */,
				0EC13C502430C3D600BB3F90 /* Resources */,
				4FDCEB834D4813582AD2F50C /* [CP] Embed Pods Frameworks */,
			);
			buildRules = (
			);
			dependencies = (
			);
			name = MatchGame;
			productName = MatchGame;
			productReference = 0EC13C522430C3D600BB3F90 /* MatchGame.app */;
			productType = "com.apple.product-type.application";
		};
		0EC13C672430C3D900BB3F90 /* MatchGameTests */ = {
			isa = PBXNativeTarget;
			buildConfigurationList = 0EC13C7F2430C3D900BB3F90 /* Build configuration list for PBXNativeTarget "MatchGameTests" */;
			buildPhases = (
				9443480B95DD01423806CFD1 /* [CP] Check Pods Manifest.lock */,
				0EC13C642430C3D900BB3F90 /* Sources */,
				0EC13C652430C3D900BB3F90 /* Frameworks */,
				0EC13C662430C3D900BB3F90 /* Resources */,
			);
			buildRules = (
			);
			dependencies = (
				0EC13C6A2430C3D900BB3F90 /* PBXTargetDependency */,
			);
			name = MatchGameTests;
			productName = MatchGameTests;
			productReference = 0EC13C682430C3D900BB3F90 /* MatchGameTests.xctest */;
			productType = "com.apple.product-type.bundle.unit-test";
		};
		0EC13C722430C3D900BB3F90 /* MatchGameUITests */ = {
			isa = PBXNativeTarget;
			buildConfigurationList = 0EC13C822430C3D900BB3F90 /* Build configuration list for PBXNativeTarget "MatchGameUITests" */;
			buildPhases = (
				30521E4494179310C316EA54 /* [CP] Check Pods Manifest.lock */,
				0EC13C6F2430C3D900BB3F90 /* Sources */,
				0EC13C702430C3D900BB3F90 /* Frameworks */,
				0EC13C712430C3D900BB3F90 /* Resources */,
				3F1864C8E23A4F431D0DF665 /* [CP] Embed Pods Frameworks */,
			);
			buildRules = (
			);
			dependencies = (
				0EC13C752430C3D900BB3F90 /* PBXTargetDependency */,
			);
			name = MatchGameUITests;
			productName = MatchGameUITests;
			productReference = 0EC13C732430C3D900BB3F90 /* MatchGameUITests.xctest */;
			productType = "com.apple.product-type.bundle.ui-testing";
		};
/* End PBXNativeTarget section */

/* Begin PBXProject section */
		0EC13C4A2430C3D600BB3F90 /* Project object */ = {
			isa = PBXProject;
			attributes = {
				LastSwiftUpdateCheck = 1130;
				LastUpgradeCheck = 1130;
				ORGANIZATIONNAME = "Castro, Jose Rubén";
				TargetAttributes = {
					0EC13C512430C3D600BB3F90 = {
						CreatedOnToolsVersion = 11.3.1;
					};
					0EC13C672430C3D900BB3F90 = {
						CreatedOnToolsVersion = 11.3.1;
						TestTargetID = 0EC13C512430C3D600BB3F90;
					};
					0EC13C722430C3D900BB3F90 = {
						CreatedOnToolsVersion = 11.3.1;
						TestTargetID = 0EC13C512430C3D600BB3F90;
					};
				};
			};
			buildConfigurationList = 0EC13C4D2430C3D600BB3F90 /* Build configuration list for PBXProject "MatchGame" */;
			compatibilityVersion = "Xcode 9.3";
			developmentRegion = en;
			hasScannedForEncodings = 0;
			knownRegions = (
				en,
				Base,
			);
			mainGroup = 0EC13C492430C3D600BB3F90;
			productRefGroup = 0EC13C532430C3D600BB3F90 /* Products */;
			projectDirPath = "";
			projectRoot = "";
			targets = (
				0EC13C512430C3D600BB3F90 /* MatchGame */,
				0EC13C672430C3D900BB3F90 /* MatchGameTests */,
				0EC13C722430C3D900BB3F90 /* MatchGameUITests */,
			);
		};
/* End PBXProject section */

/* Begin PBXResourcesBuildPhase section */
		0EC13C502430C3D600BB3F90 /* Resources */ = {
			isa = PBXResourcesBuildPhase;
			buildActionMask = 2147483647;
			files = (
				0EC13C622430C3D800BB3F90 /* LaunchScreen.storyboard in Resources */,
				0ECCB76C24311C4000404DDC /* BoardView.xib in Resources */,
				0EC13C5F2430C3D800BB3F90 /* Assets.xcassets in Resources */,
				0EC13C8B2430C89100BB3F90 /* LoginView.xib in Resources */,
				0E9D93FA2437684000398B39 /* CardCollectionViewCell.xib in Resources */,
				0EC13C5D2430C3D600BB3F90 /* Main.storyboard in Resources */,
			);
			runOnlyForDeploymentPostprocessing = 0;
		};
		0EC13C662430C3D900BB3F90 /* Resources */ = {
			isa = PBXResourcesBuildPhase;
			buildActionMask = 2147483647;
			files = (
			);
			runOnlyForDeploymentPostprocessing = 0;
		};
		0EC13C712430C3D900BB3F90 /* Resources */ = {
			isa = PBXResourcesBuildPhase;
			buildActionMask = 2147483647;
			files = (
			);
			runOnlyForDeploymentPostprocessing = 0;
		};
/* End PBXResourcesBuildPhase section */

/* Begin PBXShellScriptBuildPhase section */
		30521E4494179310C316EA54 /* [CP] Check Pods Manifest.lock */ = {
			isa = PBXShellScriptBuildPhase;
			buildActionMask = 2147483647;
			files = (
			);
			inputFileListPaths = (
			);
			inputPaths = (
				"${PODS_PODFILE_DIR_PATH}/Podfile.lock",
				"${PODS_ROOT}/Manifest.lock",
			);
			name = "[CP] Check Pods Manifest.lock";
			outputFileListPaths = (
			);
			outputPaths = (
				"$(DERIVED_FILE_DIR)/Pods-MatchGame-MatchGameUITests-checkManifestLockResult.txt",
			);
			runOnlyForDeploymentPostprocessing = 0;
			shellPath = /bin/sh;
			shellScript = "diff \"${PODS_PODFILE_DIR_PATH}/Podfile.lock\" \"${PODS_ROOT}/Manifest.lock\" > /dev/null\nif [ $? != 0 ] ; then\n    # print error to STDERR\n    echo \"error: The sandbox is not in sync with the Podfile.lock. Run 'pod install' or update your CocoaPods installation.\" >&2\n    exit 1\nfi\n# This output is used by Xcode 'outputs' to avoid re-running this script phase.\necho \"SUCCESS\" > \"${SCRIPT_OUTPUT_FILE_0}\"\n";
			showEnvVarsInLog = 0;
		};
		3F1864C8E23A4F431D0DF665 /* [CP] Embed Pods Frameworks */ = {
			isa = PBXShellScriptBuildPhase;
			buildActionMask = 2147483647;
			files = (
			);
			inputFileListPaths = (
				"${PODS_ROOT}/Target Support Files/Pods-MatchGame-MatchGameUITests/Pods-MatchGame-MatchGameUITests-frameworks-${CONFIGURATION}-input-files.xcfilelist",
			);
			name = "[CP] Embed Pods Frameworks";
			outputFileListPaths = (
				"${PODS_ROOT}/Target Support Files/Pods-MatchGame-MatchGameUITests/Pods-MatchGame-MatchGameUITests-frameworks-${CONFIGURATION}-output-files.xcfilelist",
			);
			runOnlyForDeploymentPostprocessing = 0;
			shellPath = /bin/sh;
			shellScript = "\"${PODS_ROOT}/Target Support Files/Pods-MatchGame-MatchGameUITests/Pods-MatchGame-MatchGameUITests-frameworks.sh\"\n";
			showEnvVarsInLog = 0;
		};
		4FDCEB834D4813582AD2F50C /* [CP] Embed Pods Frameworks */ = {
			isa = PBXShellScriptBuildPhase;
			buildActionMask = 2147483647;
			files = (
			);
			inputFileListPaths = (
				"${PODS_ROOT}/Target Support Files/Pods-MatchGame/Pods-MatchGame-frameworks-${CONFIGURATION}-input-files.xcfilelist",
			);
			name = "[CP] Embed Pods Frameworks";
			outputFileListPaths = (
				"${PODS_ROOT}/Target Support Files/Pods-MatchGame/Pods-MatchGame-frameworks-${CONFIGURATION}-output-files.xcfilelist",
			);
			runOnlyForDeploymentPostprocessing = 0;
			shellPath = /bin/sh;
			shellScript = "\"${PODS_ROOT}/Target Support Files/Pods-MatchGame/Pods-MatchGame-frameworks.sh\"\n";
			showEnvVarsInLog = 0;
		};
		9443480B95DD01423806CFD1 /* [CP] Check Pods Manifest.lock */ = {
			isa = PBXShellScriptBuildPhase;
			buildActionMask = 2147483647;
			files = (
			);
			inputFileListPaths = (
			);
			inputPaths = (
				"${PODS_PODFILE_DIR_PATH}/Podfile.lock",
				"${PODS_ROOT}/Manifest.lock",
			);
			name = "[CP] Check Pods Manifest.lock";
			outputFileListPaths = (
			);
			outputPaths = (
				"$(DERIVED_FILE_DIR)/Pods-MatchGameTests-checkManifestLockResult.txt",
			);
			runOnlyForDeploymentPostprocessing = 0;
			shellPath = /bin/sh;
			shellScript = "diff \"${PODS_PODFILE_DIR_PATH}/Podfile.lock\" \"${PODS_ROOT}/Manifest.lock\" > /dev/null\nif [ $? != 0 ] ; then\n    # print error to STDERR\n    echo \"error: The sandbox is not in sync with the Podfile.lock. Run 'pod install' or update your CocoaPods installation.\" >&2\n    exit 1\nfi\n# This output is used by Xcode 'outputs' to avoid re-running this script phase.\necho \"SUCCESS\" > \"${SCRIPT_OUTPUT_FILE_0}\"\n";
			showEnvVarsInLog = 0;
		};
		EEF7433D5B66D114A3493A30 /* [CP] Check Pods Manifest.lock */ = {
			isa = PBXShellScriptBuildPhase;
			buildActionMask = 2147483647;
			files = (
			);
			inputFileListPaths = (
			);
			inputPaths = (
				"${PODS_PODFILE_DIR_PATH}/Podfile.lock",
				"${PODS_ROOT}/Manifest.lock",
			);
			name = "[CP] Check Pods Manifest.lock";
			outputFileListPaths = (
			);
			outputPaths = (
				"$(DERIVED_FILE_DIR)/Pods-MatchGame-checkManifestLockResult.txt",
			);
			runOnlyForDeploymentPostprocessing = 0;
			shellPath = /bin/sh;
			shellScript = "diff \"${PODS_PODFILE_DIR_PATH}/Podfile.lock\" \"${PODS_ROOT}/Manifest.lock\" > /dev/null\nif [ $? != 0 ] ; then\n    # print error to STDERR\n    echo \"error: The sandbox is not in sync with the Podfile.lock. Run 'pod install' or update your CocoaPods installation.\" >&2\n    exit 1\nfi\n# This output is used by Xcode 'outputs' to avoid re-running this script phase.\necho \"SUCCESS\" > \"${SCRIPT_OUTPUT_FILE_0}\"\n";
			showEnvVarsInLog = 0;
		};
/* End PBXShellScriptBuildPhase section */

/* Begin PBXSourcesBuildPhase section */
		0EC13C4E2430C3D600BB3F90 /* Sources */ = {
			isa = PBXSourcesBuildPhase;
			buildActionMask = 2147483647;
			files = (
				0EA557132431396F004A0BF2 /* BoardConfigurator.swift in Sources */,
				0E333B2B24374D31005D5453 /* CardRepository.swift in Sources */,
				0EEF877C2439F16800308C47 /* CheckMatchUseCase.swift in Sources */,
				0E333B3624374F19005D5453 /* AlamofireWrapper.swift in Sources */,
				0E9D93F4243755C300398B39 /* CardMapper.swift in Sources */,
				0ECCB76E24311D6D00404DDC /* BoardPresenter.swift in Sources */,
				0E9D93ED243751A600398B39 /* CardDataSource.swift in Sources */,
				0E9D93F8243767F400398B39 /* CardCollectionViewCell.swift in Sources */,
				0ECCB76A24311C3600404DDC /* BoardViewController.swift in Sources */,
				0E333B2D24374D92005D5453 /* Card.swift in Sources */,
				0E9D93F1243751F600398B39 /* CardDTO.swift in Sources */,
				0ECCB76724311AFB00404DDC /* LoginConfigurator.swift in Sources */,
				0ECCB763243118DF00404DDC /* LoginPresenter.swift in Sources */,
				0EA55711243138A9004A0BF2 /* BoardRouter.swift in Sources */,
				0EC13C562430C3D600BB3F90 /* AppDelegate.swift in Sources */,
				0E333B2F24374DDC005D5453 /* GetCardsUseCase.swift in Sources */,
				0E333B3324374EBE005D5453 /* CardRepositoryImplementation.swift in Sources */,
				0EC13C892430C85000BB3F90 /* LoginViewController.swift in Sources */,
				0ECCB76524311A3100404DDC /* LoginRouter.swift in Sources */,
				0EC13C582430C3D600BB3F90 /* SceneDelegate.swift in Sources */,
			);
			runOnlyForDeploymentPostprocessing = 0;
		};
		0EC13C642430C3D900BB3F90 /* Sources */ = {
			isa = PBXSourcesBuildPhase;
			buildActionMask = 2147483647;
			files = (
				0EC13C6D2430C3D900BB3F90 /* MatchGameTests.swift in Sources */,
			);
			runOnlyForDeploymentPostprocessing = 0;
		};
		0EC13C6F2430C3D900BB3F90 /* Sources */ = {
			isa = PBXSourcesBuildPhase;
			buildActionMask = 2147483647;
			files = (
				0EC13C782430C3D900BB3F90 /* MatchGameUITests.swift in Sources */,
			);
			runOnlyForDeploymentPostprocessing = 0;
		};
/* End PBXSourcesBuildPhase section */

/* Begin PBXTargetDependency section */
		0EC13C6A2430C3D900BB3F90 /* PBXTargetDependency */ = {
			isa = PBXTargetDependency;
			target = 0EC13C512430C3D600BB3F90 /* MatchGame */;
			targetProxy = 0EC13C692430C3D900BB3F90 /* PBXContainerItemProxy */;
		};
		0EC13C752430C3D900BB3F90 /* PBXTargetDependency */ = {
			isa = PBXTargetDependency;
			target = 0EC13C512430C3D600BB3F90 /* MatchGame */;
			targetProxy = 0EC13C742430C3D900BB3F90 /* PBXContainerItemProxy */;
		};
/* End PBXTargetDependency section */

/* Begin PBXVariantGroup section */
		0EC13C5B2430C3D600BB3F90 /* Main.storyboard */ = {
			isa = PBXVariantGroup;
			children = (
				0EC13C5C2430C3D600BB3F90 /* Base */,
			);
			name = Main.storyboard;
			sourceTree = "<group>";
		};
		0EC13C602430C3D800BB3F90 /* LaunchScreen.storyboard */ = {
			isa = PBXVariantGroup;
			children = (
				0EC13C612430C3D800BB3F90 /* Base */,
			);
			name = LaunchScreen.storyboard;
			sourceTree = "<group>";
		};
/* End PBXVariantGroup section */

/* Begin XCBuildConfiguration section */
		0EC13C7A2430C3D900BB3F90 /* Debug */ = {
			isa = XCBuildConfiguration;
			buildSettings = {
				ALWAYS_SEARCH_USER_PATHS = NO;
				CLANG_ANALYZER_NONNULL = YES;
				CLANG_ANALYZER_NUMBER_OBJECT_CONVERSION = YES_AGGRESSIVE;
				CLANG_CXX_LANGUAGE_STANDARD = "gnu++14";
				CLANG_CXX_LIBRARY = "libc++";
				CLANG_ENABLE_MODULES = YES;
				CLANG_ENABLE_OBJC_ARC = YES;
				CLANG_ENABLE_OBJC_WEAK = YES;
				CLANG_WARN_BLOCK_CAPTURE_AUTORELEASING = YES;
				CLANG_WARN_BOOL_CONVERSION = YES;
				CLANG_WARN_COMMA = YES;
				CLANG_WARN_CONSTANT_CONVERSION = YES;
				CLANG_WARN_DEPRECATED_OBJC_IMPLEMENTATIONS = YES;
				CLANG_WARN_DIRECT_OBJC_ISA_USAGE = YES_ERROR;
				CLANG_WARN_DOCUMENTATION_COMMENTS = YES;
				CLANG_WARN_EMPTY_BODY = YES;
				CLANG_WARN_ENUM_CONVERSION = YES;
				CLANG_WARN_INFINITE_RECURSION = YES;
				CLANG_WARN_INT_CONVERSION = YES;
				CLANG_WARN_NON_LITERAL_NULL_CONVERSION = YES;
				CLANG_WARN_OBJC_IMPLICIT_RETAIN_SELF = YES;
				CLANG_WARN_OBJC_LITERAL_CONVERSION = YES;
				CLANG_WARN_OBJC_ROOT_CLASS = YES_ERROR;
				CLANG_WARN_RANGE_LOOP_ANALYSIS = YES;
				CLANG_WARN_STRICT_PROTOTYPES = YES;
				CLANG_WARN_SUSPICIOUS_MOVE = YES;
				CLANG_WARN_UNGUARDED_AVAILABILITY = YES_AGGRESSIVE;
				CLANG_WARN_UNREACHABLE_CODE = YES;
				CLANG_WARN__DUPLICATE_METHOD_MATCH = YES;
				COPY_PHASE_STRIP = NO;
				DEBUG_INFORMATION_FORMAT = dwarf;
				ENABLE_STRICT_OBJC_MSGSEND = YES;
				ENABLE_TESTABILITY = YES;
				GCC_C_LANGUAGE_STANDARD = gnu11;
				GCC_DYNAMIC_NO_PIC = NO;
				GCC_NO_COMMON_BLOCKS = YES;
				GCC_OPTIMIZATION_LEVEL = 0;
				GCC_PREPROCESSOR_DEFINITIONS = (
					"DEBUG=1",
					"$(inherited)",
				);
				GCC_WARN_64_TO_32_BIT_CONVERSION = YES;
				GCC_WARN_ABOUT_RETURN_TYPE = YES_ERROR;
				GCC_WARN_UNDECLARED_SELECTOR = YES;
				GCC_WARN_UNINITIALIZED_AUTOS = YES_AGGRESSIVE;
				GCC_WARN_UNUSED_FUNCTION = YES;
				GCC_WARN_UNUSED_VARIABLE = YES;
				IPHONEOS_DEPLOYMENT_TARGET = 13.2;
				MTL_ENABLE_DEBUG_INFO = INCLUDE_SOURCE;
				MTL_FAST_MATH = YES;
				ONLY_ACTIVE_ARCH = YES;
				SDKROOT = iphoneos;
				SWIFT_ACTIVE_COMPILATION_CONDITIONS = DEBUG;
				SWIFT_OPTIMIZATION_LEVEL = "-Onone";
			};
			name = Debug;
		};
		0EC13C7B2430C3D900BB3F90 /* Release */ = {
			isa = XCBuildConfiguration;
			buildSettings = {
				ALWAYS_SEARCH_USER_PATHS = NO;
				CLANG_ANALYZER_NONNULL = YES;
				CLANG_ANALYZER_NUMBER_OBJECT_CONVERSION = YES_AGGRESSIVE;
				CLANG_CXX_LANGUAGE_STANDARD = "gnu++14";
				CLANG_CXX_LIBRARY = "libc++";
				CLANG_ENABLE_MODULES = YES;
				CLANG_ENABLE_OBJC_ARC = YES;
				CLANG_ENABLE_OBJC_WEAK = YES;
				CLANG_WARN_BLOCK_CAPTURE_AUTORELEASING = YES;
				CLANG_WARN_BOOL_CONVERSION = YES;
				CLANG_WARN_COMMA = YES;
				CLANG_WARN_CONSTANT_CONVERSION = YES;
				CLANG_WARN_DEPRECATED_OBJC_IMPLEMENTATIONS = YES;
				CLANG_WARN_DIRECT_OBJC_ISA_USAGE = YES_ERROR;
				CLANG_WARN_DOCUMENTATION_COMMENTS = YES;
				CLANG_WARN_EMPTY_BODY = YES;
				CLANG_WARN_ENUM_CONVERSION = YES;
				CLANG_WARN_INFINITE_RECURSION = YES;
				CLANG_WARN_INT_CONVERSION = YES;
				CLANG_WARN_NON_LITERAL_NULL_CONVERSION = YES;
				CLANG_WARN_OBJC_IMPLICIT_RETAIN_SELF = YES;
				CLANG_WARN_OBJC_LITERAL_CONVERSION = YES;
				CLANG_WARN_OBJC_ROOT_CLASS = YES_ERROR;
				CLANG_WARN_RANGE_LOOP_ANALYSIS = YES;
				CLANG_WARN_STRICT_PROTOTYPES = YES;
				CLANG_WARN_SUSPICIOUS_MOVE = YES;
				CLANG_WARN_UNGUARDED_AVAILABILITY = YES_AGGRESSIVE;
				CLANG_WARN_UNREACHABLE_CODE = YES;
				CLANG_WARN__DUPLICATE_METHOD_MATCH = YES;
				COPY_PHASE_STRIP = NO;
				DEBUG_INFORMATION_FORMAT = "dwarf-with-dsym";
				ENABLE_NS_ASSERTIONS = NO;
				ENABLE_STRICT_OBJC_MSGSEND = YES;
				GCC_C_LANGUAGE_STANDARD = gnu11;
				GCC_NO_COMMON_BLOCKS = YES;
				GCC_WARN_64_TO_32_BIT_CONVERSION = YES;
				GCC_WARN_ABOUT_RETURN_TYPE = YES_ERROR;
				GCC_WARN_UNDECLARED_SELECTOR = YES;
				GCC_WARN_UNINITIALIZED_AUTOS = YES_AGGRESSIVE;
				GCC_WARN_UNUSED_FUNCTION = YES;
				GCC_WARN_UNUSED_VARIABLE = YES;
				IPHONEOS_DEPLOYMENT_TARGET = 13.2;
				MTL_ENABLE_DEBUG_INFO = NO;
				MTL_FAST_MATH = YES;
				SDKROOT = iphoneos;
				SWIFT_COMPILATION_MODE = wholemodule;
				SWIFT_OPTIMIZATION_LEVEL = "-O";
				VALIDATE_PRODUCT = YES;
			};
			name = Release;
		};
		0EC13C7D2430C3D900BB3F90 /* Debug */ = {
			isa = XCBuildConfiguration;
			baseConfigurationReference = 00DEEFC61DD798EDFCBDB920 /* Pods-MatchGame.debug.xcconfig */;
			buildSettings = {
				ASSETCATALOG_COMPILER_APPICON_NAME = AppIcon;
				CODE_SIGN_STYLE = Automatic;
				DEVELOPMENT_TEAM = B2NNQ35DTC;
				INFOPLIST_FILE = MatchGame/Info.plist;
				LD_RUNPATH_SEARCH_PATHS = (
					"$(inherited)",
					"@executable_path/Frameworks",
				);
				PRODUCT_BUNDLE_IDENTIFIER = com.ruben.MatchGame;
				PRODUCT_NAME = "$(TARGET_NAME)";
				SWIFT_VERSION = 5.0;
				TARGETED_DEVICE_FAMILY = "1,2";
			};
			name = Debug;
		};
		0EC13C7E2430C3D900BB3F90 /* Release */ = {
			isa = XCBuildConfiguration;
			baseConfigurationReference = B115288292637805CC99431E /* Pods-MatchGame.release.xcconfig */;
			buildSettings = {
				ASSETCATALOG_COMPILER_APPICON_NAME = AppIcon;
				CODE_SIGN_STYLE = Automatic;
				DEVELOPMENT_TEAM = B2NNQ35DTC;
				INFOPLIST_FILE = MatchGame/Info.plist;
				LD_RUNPATH_SEARCH_PATHS = (
					"$(inherited)",
					"@executable_path/Frameworks",
				);
				PRODUCT_BUNDLE_IDENTIFIER = com.ruben.MatchGame;
				PRODUCT_NAME = "$(TARGET_NAME)";
				SWIFT_VERSION = 5.0;
				TARGETED_DEVICE_FAMILY = "1,2";
			};
			name = Release;
		};
		0EC13C802430C3D900BB3F90 /* Debug */ = {
			isa = XCBuildConfiguration;
			baseConfigurationReference = B4301C8E2C04F22D1F79F46A /* Pods-MatchGameTests.debug.xcconfig */;
			buildSettings = {
				ALWAYS_EMBED_SWIFT_STANDARD_LIBRARIES = YES;
				BUNDLE_LOADER = "$(TEST_HOST)";
				CODE_SIGN_STYLE = Automatic;
				DEVELOPMENT_TEAM = B2NNQ35DTC;
				INFOPLIST_FILE = MatchGameTests/Info.plist;
				IPHONEOS_DEPLOYMENT_TARGET = 13.2;
				LD_RUNPATH_SEARCH_PATHS = (
					"$(inherited)",
					"@executable_path/Frameworks",
					"@loader_path/Frameworks",
				);
				PRODUCT_BUNDLE_IDENTIFIER = com.ruben.MatchGameTests;
				PRODUCT_NAME = "$(TARGET_NAME)";
				SWIFT_VERSION = 5.0;
				TARGETED_DEVICE_FAMILY = "1,2";
				TEST_HOST = "$(BUILT_PRODUCTS_DIR)/MatchGame.app/MatchGame";
			};
			name = Debug;
		};
		0EC13C812430C3D900BB3F90 /* Release */ = {
			isa = XCBuildConfiguration;
			baseConfigurationReference = A33D3FEE5D7604A3A15D0BAA /* Pods-MatchGameTests.release.xcconfig */;
			buildSettings = {
				ALWAYS_EMBED_SWIFT_STANDARD_LIBRARIES = YES;
				BUNDLE_LOADER = "$(TEST_HOST)";
				CODE_SIGN_STYLE = Automatic;
				DEVELOPMENT_TEAM = B2NNQ35DTC;
				INFOPLIST_FILE = MatchGameTests/Info.plist;
				IPHONEOS_DEPLOYMENT_TARGET = 13.2;
				LD_RUNPATH_SEARCH_PATHS = (
					"$(inherited)",
					"@executable_path/Frameworks",
					"@loader_path/Frameworks",
				);
				PRODUCT_BUNDLE_IDENTIFIER = com.ruben.MatchGameTests;
				PRODUCT_NAME = "$(TARGET_NAME)";
				SWIFT_VERSION = 5.0;
				TARGETED_DEVICE_FAMILY = "1,2";
				TEST_HOST = "$(BUILT_PRODUCTS_DIR)/MatchGame.app/MatchGame";
			};
			name = Release;
		};
		0EC13C832430C3D900BB3F90 /* Debug */ = {
			isa = XCBuildConfiguration;
			baseConfigurationReference = 5C0257896C2FDB3AF5ABCF03 /* Pods-MatchGame-MatchGameUITests.debug.xcconfig */;
			buildSettings = {
				ALWAYS_EMBED_SWIFT_STANDARD_LIBRARIES = YES;
				CODE_SIGN_STYLE = Automatic;
				DEVELOPMENT_TEAM = B2NNQ35DTC;
				INFOPLIST_FILE = MatchGameUITests/Info.plist;
				LD_RUNPATH_SEARCH_PATHS = (
					"$(inherited)",
					"@executable_path/Frameworks",
					"@loader_path/Frameworks",
				);
				PRODUCT_BUNDLE_IDENTIFIER = com.ruben.MatchGameUITests;
				PRODUCT_NAME = "$(TARGET_NAME)";
				SWIFT_VERSION = 5.0;
				TARGETED_DEVICE_FAMILY = "1,2";
				TEST_TARGET_NAME = MatchGame;
			};
			name = Debug;
		};
		0EC13C842430C3D900BB3F90 /* Release */ = {
			isa = XCBuildConfiguration;
			baseConfigurationReference = 01639D874FB0664A9E9A6540 /* Pods-MatchGame-MatchGameUITests.release.xcconfig */;
			buildSettings = {
				ALWAYS_EMBED_SWIFT_STANDARD_LIBRARIES = YES;
				CODE_SIGN_STYLE = Automatic;
				DEVELOPMENT_TEAM = B2NNQ35DTC;
				INFOPLIST_FILE = MatchGameUITests/Info.plist;
				LD_RUNPATH_SEARCH_PATHS = (
					"$(inherited)",
					"@executable_path/Frameworks",
					"@loader_path/Frameworks",
				);
				PRODUCT_BUNDLE_IDENTIFIER = com.ruben.MatchGameUITests;
				PRODUCT_NAME = "$(TARGET_NAME)";
				SWIFT_VERSION = 5.0;
				TARGETED_DEVICE_FAMILY = "1,2";
				TEST_TARGET_NAME = MatchGame;
			};
			name = Release;
		};
/* End XCBuildConfiguration section */

/* Begin XCConfigurationList section */
		0EC13C4D2430C3D600BB3F90 /* Build configuration list for PBXProject "MatchGame" */ = {
			isa = XCConfigurationList;
			buildConfigurations = (
				0EC13C7A2430C3D900BB3F90 /* Debug */,
				0EC13C7B2430C3D900BB3F90 /* Release */,
			);
			defaultConfigurationIsVisible = 0;
			defaultConfigurationName = Release;
		};
		0EC13C7C2430C3D900BB3F90 /* Build configuration list for PBXNativeTarget "MatchGame" */ = {
			isa = XCConfigurationList;
			buildConfigurations = (
				0EC13C7D2430C3D900BB3F90 /* Debug */,
				0EC13C7E2430C3D900BB3F90 /* Release */,
			);
			defaultConfigurationIsVisible = 0;
			defaultConfigurationName = Release;
		};
		0EC13C7F2430C3D900BB3F90 /* Build configuration list for PBXNativeTarget "MatchGameTests" */ = {
			isa = XCConfigurationList;
			buildConfigurations = (
				0EC13C802430C3D900BB3F90 /* Debug */,
				0EC13C812430C3D900BB3F90 /* Release */,
			);
			defaultConfigurationIsVisible = 0;
			defaultConfigurationName = Release;
		};
		0EC13C822430C3D900BB3F90 /* Build configuration list for PBXNativeTarget "MatchGameUITests" */ = {
			isa = XCConfigurationList;
			buildConfigurations = (
				0EC13C832430C3D900BB3F90 /* Debug */,
				0EC13C842430C3D900BB3F90 /* Release */,
			);
			defaultConfigurationIsVisible = 0;
			defaultConfigurationName = Release;
		};
/* End XCConfigurationList section */
	};
	rootObject = 0EC13C4A2430C3D600BB3F90 /* Project object */;
}
